{
  "nodes": {
    "home-manager": {
      "inputs": {
        "nixpkgs": [
          "nixpkgs"
        ]
      },
      "locked": {
        "lastModified": 1732025103,
        "narHash": "sha256-qjEI64RKvDxRyEarY0jTzrZMa8ebezh2DEZmJJrpVdo=",
        "owner": "nix-community",
        "repo": "home-manager",
        "rev": "a46e702093a5c46e192243edbd977d5749e7f294",
        "type": "github"
      },
      "original": {
        "owner": "nix-community",
        "repo": "home-manager",
        "type": "github"
      }
    },
    "libcamera-src": {
      "flake": false,
      "locked": {
        "lastModified": 1725630279,
        "narHash": "sha256-KH30jmHfxXq4j2CL7kv18DYECJRp9ECuWNPnqPZajPA=",
        "owner": "raspberrypi",
        "repo": "libcamera",
        "rev": "69a894c4adad524d3063dd027f5c4774485cf9db",
        "type": "github"
      },
      "original": {
        "owner": "raspberrypi",
        "repo": "libcamera",
        "rev": "69a894c4adad524d3063dd027f5c4774485cf9db",
        "type": "github"
      }
    },
    "libpisp-src": {
      "flake": false,
      "locked": {
        "lastModified": 1724944683,
        "narHash": "sha256-Fo2UJmQHS855YSSKKmGrsQnJzXog1cdpkIOO72yYAM4=",
        "owner": "raspberrypi",
        "repo": "libpisp",
        "rev": "28196ed6edcfeda88d23cc5f213d51aa6fa17bb3",
        "type": "github"
      },
      "original": {
        "owner": "raspberrypi",
        "ref": "v1.0.7",
        "repo": "libpisp",
        "type": "github"
      }
    },
    "nixpkgs": {
      "locked": {
        "lastModified": 1731797254,
        "narHash": "sha256-df3dJApLPhd11AlueuoN0Q4fHo/hagP75LlM5K1sz9g=",
        "owner": "nixos",
        "repo": "nixpkgs",
        "rev": "e8c38b73aeb218e27163376a2d617e61a2ad9b59",
        "type": "github"
      },
      "original": {
        "owner": "nixos",
        "ref": "nixos-24.05",
        "repo": "nixpkgs",
        "type": "github"
      }
    },
    "root": {
      "inputs": {
        "home-manager": "home-manager",
        "libcamera-src": "libcamera-src",
        "libpisp-src": "libpisp-src",
        "nixpkgs": "nixpkgs",
        "rpi-bluez-firmware-src": "rpi-bluez-firmware-src",
        "rpi-firmware-nonfree-src": "rpi-firmware-nonfree-src",
        "rpi-firmware-src": "rpi-firmware-src",
        "rpi-linux-6_10_8-src": "rpi-linux-6_10_8-src",
        "rpi-linux-6_6_47-src": "rpi-linux-6_6_47-src",
        "rpicam-apps-src": "rpicam-apps-src",
        "u-boot-src": "u-boot-src"
      }
    },
    "rpi-bluez-firmware-src": {
      "flake": false,
      "locked": {
        "lastModified": 1708969706,
        "narHash": "sha256-KakKnOBeWxh0exu44beZ7cbr5ni4RA9vkWYb9sGMb8Q=",
        "owner": "RPi-Distro",
        "repo": "bluez-firmware",
        "rev": "78d6a07730e2d20c035899521ab67726dc028e1c",
        "type": "github"
      },
      "original": {
        "owner": "RPi-Distro",
        "ref": "bookworm",
        "repo": "bluez-firmware",
        "type": "github"
      }
    },
    "rpi-firmware-nonfree-src": {
      "flake": false,
      "locked": {
        "lastModified": 1723266537,
        "narHash": "sha256-T7eTKXqY9cxEMdab8Snda4CEOrEihy5uOhA6Fy+Mhnw=",
        "owner": "RPi-Distro",
        "repo": "firmware-nonfree",
        "rev": "4b356e134e8333d073bd3802d767a825adec3807",
        "type": "github"
      },
      "original": {
        "owner": "RPi-Distro",
        "ref": "bookworm",
        "repo": "firmware-nonfree",
        "type": "github"
      }
    },
    "rpi-firmware-src": {
      "flake": false,
      "locked": {
        "lastModified": 1725277507,
        "narHash": "sha256-DN+NlesZ8YfuVwLKQSHckvpNZxqsbKRflOcS3ShO3Ss=",
        "owner": "raspberrypi",
        "repo": "firmware",
        "rev": "b5eb52b343e9bc1391a8059a38e12e470c109f5c",
        "type": "github"
      },
      "original": {
        "owner": "raspberrypi",
        "ref": "1.20240902",
        "repo": "firmware",
        "type": "github"
      }
    },
    "rpi-linux-6_10_8-src": {
      "flake": false,
      "locked": {
        "lastModified": 1728980267,
        "narHash": "sha256-jCmFC40n6fP0YaTTn3pWz9sz1GxXuXw6cUTlXssCb9I=",
        "owner": "raspberrypi",
        "repo": "linux",
        "rev": "6e23f4f785081a7c68e94a8e38a49074097299f9",
        "type": "github"
      },
      "original": {
        "owner": "raspberrypi",
        "ref": "rpi-6.10.y",
        "repo": "linux",
        "type": "github"
      }
    },
    "rpi-linux-6_6_47-src": {
      "flake": false,
      "locked": {
        "lastModified": 1732198475,
        "narHash": "sha256-g7+beWZh6XNz4QpN3FyibxkJpHePXAH5guw6kGlPGb8=",
        "owner": "raspberrypi",
        "repo": "linux",
        "rev": "75ab92b077602734458f0a77e19a3599be29b93b",
        "type": "github"
      },
      "original": {
        "owner": "raspberrypi",
        "ref": "rpi-6.6.y",
        "repo": "linux",
        "type": "github"
      }
    },
    "rpicam-apps-src": {
      "flake": false,
      "locked": {
        "lastModified": 1725543038,
        "narHash": "sha256-rl5GVigiZWXkpfIteRWUMjtCaPweXRWrBrZOjQ1hiU8=",
        "owner": "raspberrypi",
        "repo": "rpicam-apps",
        "rev": "d7a1a13b041ef2842cd56d7e395b8c9a0ffc3bf5",
        "type": "github"
      },
      "original": {
        "owner": "raspberrypi",
        "ref": "v1.5.1",
        "repo": "rpicam-apps",
        "type": "github"
      }
    },
    "u-boot-src": {
      "flake": false,
      "locked": {
        "lastModified": 1719857238,
        "narHash": "sha256-mJ2TBy0Y5ZtcGFgtU5RKr0UDUp5FWzojbFb+o/ebRJU=",
        "type": "tarball",
        "url": "https://ftp.denx.de/pub/u-boot/u-boot-2024.07.tar.bz2"
      },
      "original": {
        "type": "tarball",
        "url": "https://ftp.denx.de/pub/u-boot/u-boot-2024.07.tar.bz2"
      }
    }
  },
  "root": "root",
  "version": 7
}
