{
  "nodes": {
    "home-manager": {
      "inputs": {
        "nixpkgs": [
          "nixpkgs"
        ]
      },
      "locked": {
        "lastModified": 1746798521,
        "narHash": "sha256-axfz/jBEH9XHpS7YSumstV7b2PrPf7L8bhWUtLBv3nA=",
        "owner": "nix-community",
        "repo": "home-manager",
        "rev": "e95a7c5b6fa93304cd2fd78cf676c4f6d23c422c",
        "type": "github"
      },
      "original": {
        "owner": "nix-community",
        "repo": "home-manager",
        "type": "github"
      }
    },
    "libcamera-src": {
      "flake": false,
      "locked": {
        "lastModified": 1725630279,
        "narHash": "sha256-KH30jmHfxXq4j2CL7kv18DYECJRp9ECuWNPnqPZajPA=",
        "owner": "raspberrypi",
        "repo": "libcamera",
        "rev": "69a894c4adad524d3063dd027f5c4774485cf9db",
        "type": "github"
      },
      "original": {
        "owner": "raspberrypi",
        "repo": "libcamera",
        "rev": "69a894c4adad524d3063dd027f5c4774485cf9db",
        "type": "github"
      }
    },
    "libpisp-src": {
      "flake": false,
      "locked": {
        "lastModified": 1724944683,
        "narHash": "sha256-Fo2UJmQHS855YSSKKmGrsQnJzXog1cdpkIOO72yYAM4=",
        "owner": "raspberrypi",
        "repo": "libpisp",
        "rev": "28196ed6edcfeda88d23cc5f213d51aa6fa17bb3",
        "type": "github"
      },
      "original": {
        "owner": "raspberrypi",
        "ref": "v1.0.7",
        "repo": "libpisp",
        "type": "github"
      }
    },
    "nixpkgs": {
      "locked": {
        "lastModified": 1746663147,
        "narHash": "sha256-Ua0drDHawlzNqJnclTJGf87dBmaO/tn7iZ+TCkTRpRc=",
        "owner": "nixos",
        "repo": "nixpkgs",
        "rev": "dda3dcd3fe03e991015e9a74b22d35950f264a54",
        "type": "github"
      },
      "original": {
        "owner": "nixos",
        "ref": "nixos-unstable",
        "repo": "nixpkgs",
        "type": "github"
      }
    },
    "root": {
      "inputs": {
        "home-manager": "home-manager",
        "libcamera-src": "libcamera-src",
        "libpisp-src": "libpisp-src",
        "nixpkgs": "nixpkgs",
        "rpi-bluez-firmware-src": "rpi-bluez-firmware-src",
        "rpi-firmware-nonfree-src": "rpi-firmware-nonfree-src",
        "rpi-firmware-src": "rpi-firmware-src",
        "rpi-linux-6_10_8-src": "rpi-linux-6_10_8-src",
        "rpi-linux-6_6_47-src": "rpi-linux-6_6_47-src",
        "rpicam-apps-src": "rpicam-apps-src",
        "u-boot-src": "u-boot-src"
      }
    },
    "rpi-bluez-firmware-src": {
      "flake": false,
      "locked": {
        "lastModified": 1741017538,
        "narHash": "sha256-t+D4VUfEIov83KV4wiKp6TqXTHXGkxg/mANi4GW7QHs=",
        "owner": "RPi-Distro",
        "repo": "bluez-firmware",
        "rev": "2bbfb8438e824f5f61dae3f6ebb367a6129a4d63",
        "type": "github"
      },
      "original": {
        "owner": "RPi-Distro",
        "ref": "bookworm",
        "repo": "bluez-firmware",
        "type": "github"
      }
    },
    "rpi-firmware-nonfree-src": {
      "flake": false,
      "locked": {
        "lastModified": 1744123009,
        "narHash": "sha256-5ywIPs3lpmqVOVP3B75H577fYkkucDqB7htY2U1DW8U=",
        "owner": "RPi-Distro",
        "repo": "firmware-nonfree",
        "rev": "c9d3ae6584ab79d19a4f94ccf701e888f9f87a53",
        "type": "github"
      },
      "original": {
        "owner": "RPi-Distro",
        "ref": "bookworm",
        "repo": "firmware-nonfree",
        "type": "github"
      }
    },
    "rpi-firmware-src": {
      "flake": false,
      "locked": {
        "lastModified": 1725277507,
        "narHash": "sha256-DN+NlesZ8YfuVwLKQSHckvpNZxqsbKRflOcS3ShO3Ss=",
        "owner": "raspberrypi",
        "repo": "firmware",
        "rev": "b5eb52b343e9bc1391a8059a38e12e470c109f5c",
        "type": "github"
      },
      "original": {
        "owner": "raspberrypi",
        "ref": "1.20240902",
        "repo": "firmware",
        "type": "github"
      }
    },
    "rpi-linux-6_10_8-src": {
      "flake": false,
      "locked": {
        "lastModified": 1728980267,
        "narHash": "sha256-jCmFC40n6fP0YaTTn3pWz9sz1GxXuXw6cUTlXssCb9I=",
        "owner": "raspberrypi",
        "repo": "linux",
        "rev": "6e23f4f785081a7c68e94a8e38a49074097299f9",
        "type": "github"
      },
      "original": {
        "owner": "raspberrypi",
        "ref": "rpi-6.10.y",
        "repo": "linux",
        "type": "github"
      }
    },
    "rpi-linux-6_6_47-src": {
      "flake": false,
      "locked": {
        "lastModified": 1743008740,
        "narHash": "sha256-9wumAt/c39yi9vYz/6vgSywSq5GH8Aa2ZFuXhU9N7fk=",
        "owner": "raspberrypi",
        "repo": "linux",
        "rev": "bba53a117a4a5c29da892962332ff1605990e17a",
        "type": "github"
      },
      "original": {
        "owner": "raspberrypi",
        "ref": "rpi-6.6.y",
        "repo": "linux",
        "type": "github"
      }
    },
    "rpicam-apps-src": {
      "flake": false,
      "locked": {
        "lastModified": 1725543038,
        "narHash": "sha256-rl5GVigiZWXkpfIteRWUMjtCaPweXRWrBrZOjQ1hiU8=",
        "owner": "raspberrypi",
        "repo": "rpicam-apps",
        "rev": "d7a1a13b041ef2842cd56d7e395b8c9a0ffc3bf5",
        "type": "github"
      },
      "original": {
        "owner": "raspberrypi",
        "ref": "v1.5.1",
        "repo": "rpicam-apps",
        "type": "github"
      }
    },
    "u-boot-src": {
      "flake": false,
      "locked": {
        "lastModified": 1719857238,
        "narHash": "sha256-mJ2TBy0Y5ZtcGFgtU5RKr0UDUp5FWzojbFb+o/ebRJU=",
        "type": "tarball",
        "url": "https://ftp.denx.de/pub/u-boot/u-boot-2024.07.tar.bz2"
      },
      "original": {
        "type": "tarball",
        "url": "https://ftp.denx.de/pub/u-boot/u-boot-2024.07.tar.bz2"
      }
    }
  },
  "root": "root",
  "version": 7
}
